{
    "_meta": {
        "hash": {
            "sha256": "b6338bd576cf32a93ace633decafde7ea0a45d278d95acdaccb5956300879f5b"
        },
        "pipfile-spec": 6,
        "requires": {
            "python_version": "3.9"
        },
        "sources": [
            {
                "name": "pypi",
                "url": "https://pypi.org/simple",
                "verify_ssl": true
            }
        ]
    },
    "default": {
        "beautifulsoup4": {
            "hashes": [
                "sha256:11a9a27b7d3bddc6d86f59fb76afb70e921a25ac2d6cc55b40d072bd68435a76",
                "sha256:7015e76bf32f1f574636c4288399a6de66ce08fb7b2457f628a8d70c0fbabb11",
                "sha256:808b6ac932dccb0a4126558f7dfdcf41710dd44a4ef497a0bb59a77f9f078e89"
            ],
            "index": "pypi",
            "version": "==4.6.0"
        },
        "selenium": {
            "hashes": [
                "sha256:b873704984b3cc8c1be8c62e1729d77ba823de8f780980392237fe2e6b403619",
                "sha256:ea10cb739d3d2c27dfdd5ed60cdc28a36e6bafb7b6021ac7acd01dfc4aef005b"
            ],
            "index": "pypi",
            "version": "==3.4.1"
        }
    },
    "develop": {}
}
